
Microsoft Visual Studio Solution File, Format Version 12.00
# Visual Studio Version 17
VisualStudioVersion = 17.0.31919.166
MinimumVisualStudioVersion = 10.0.40219.1
Project("{FAE04EC0-301F-11D3-BF4B-00C04F79EFBC}") = "Sample", "Sample.csproj", "{C907DA56-330D-4854-8EBE-780AE9BE588E}"
EndProject
Project("{9A19103F-16F7-4668-BE54-9A1E7A4F7556}") = "MLModelSample_Test", "..\MLModelSample_Test\MLModelSample_Test.csproj", "{BF420286-86DC-41C2-93B0-78E07644F70B}"
EndProject
Project("{FAE04EC0-301F-11D3-BF4B-00C04F79EFBC}") = "Sample.OpenCv", "..\Sample.OpenCv\Sample.OpenCv.csproj", "{C30C80A5-9B82-419E-834B-00DE38BF1826}"
EndProject
Global
	GlobalSection(SolutionConfigurationPlatforms) = preSolution
		Debug|Any CPU = Debug|Any CPU
		Release|Any CPU = Release|Any CPU
	EndGlobalSection
	GlobalSection(ProjectConfigurationPlatforms) = postSolution
		{C907DA56-330D-4854-8EBE-780AE9BE588E}.Debug|Any CPU.ActiveCfg = Debug|Any CPU
		{C907DA56-330D-4854-8EBE-780AE9BE588E}.Debug|Any CPU.Build.0 = Debug|Any CPU
		{C907DA56-330D-4854-8EBE-780AE9BE588E}.Release|Any CPU.ActiveCfg = Release|Any CPU
		{C907DA56-330D-4854-8EBE-780AE9BE588E}.Release|Any CPU.Build.0 = Release|Any CPU
		{BF420286-86DC-41C2-93B0-78E07644F70B}.Debug|Any CPU.ActiveCfg = Debug|Any CPU
		{BF420286-86DC-41C2-93B0-78E07644F70B}.Debug|Any CPU.Build.0 = Debug|Any CPU
		{BF420286-86DC-41C2-93B0-78E07644F70B}.Release|Any CPU.ActiveCfg = Release|Any CPU
		{BF420286-86DC-41C2-93B0-78E07644F70B}.Release|Any CPU.Build.0 = Release|Any CPU
		{C30C80A5-9B82-419E-834B-00DE38BF1826}.Debug|Any CPU.ActiveCfg = Debug|Any CPU
		{C30C80A5-9B82-419E-834B-00DE38BF1826}.Debug|Any CPU.Build.0 = Debug|Any CPU
		{C30C80A5-9B82-419E-834B-00DE38BF1826}.Release|Any CPU.ActiveCfg = Release|Any CPU
		{C30C80A5-9B82-419E-834B-00DE38BF1826}.Release|Any CPU.Build.0 = Release|Any CPU
	EndGlobalSection
	GlobalSection(SolutionProperties) = preSolution
		HideSolutionNode = FALSE
	EndGlobalSection
	GlobalSection(ExtensibilityGlobals) = postSolution
		SolutionGuid = {54A20864-DABA-4B3B-8A2B-0142C00120EB}
	EndGlobalSection
EndGlobal
